// !$*UTF8*$!
{
	archiveVersion = 1;
	classes = {
	};
	objectVersion = 56;
	objects = {

/* Begin PBXBuildFile section */
		982437A32AD0392100EA26AD /* ConfirmPageVC.swift in Sources */ = {isa = PBXBuildFile; fileRef = 982437A22AD0392100EA26AD /* ConfirmPageVC.swift */; };
		98874B0E2AD564850018000E /* UIColorExtension.swift in Sources */ = {isa = PBXBuildFile; fileRef = 98874B0D2AD564850018000E /* UIColorExtension.swift */; };
		988FFA292AD01BC700471607 /* PaymentVC.swift in Sources */ = {isa = PBXBuildFile; fileRef = 988FFA282AD01BC700471607 /* PaymentVC.swift */; };
		98F1D6912ACC36340017F2B0 /* AppDelegate.swift in Sources */ = {isa = PBXBuildFile; fileRef = 98F1D6902ACC36340017F2B0 /* AppDelegate.swift */; };
		98F1D6932ACC36340017F2B0 /* SceneDelegate.swift in Sources */ = {isa = PBXBuildFile; fileRef = 98F1D6922ACC36340017F2B0 /* SceneDelegate.swift */; };
		98F1D6952ACC36340017F2B0 /* ViewController.swift in Sources */ = {isa = PBXBuildFile; fileRef = 98F1D6942ACC36340017F2B0 /* ViewController.swift */; };
		98F1D6982ACC36340017F2B0 /* Main.storyboard in Resources */ = {isa = PBXBuildFile; fileRef = 98F1D6962ACC36340017F2B0 /* Main.storyboard */; };
		98F1D69A2ACC36360017F2B0 /* Assets.xcassets in Resources */ = {isa = PBXBuildFile; fileRef = 98F1D6992ACC36360017F2B0 /* Assets.xcassets */; };
		98F1D69D2ACC36360017F2B0 /* LaunchScreen.storyboard in Resources */ = {isa = PBXBuildFile; fileRef = 98F1D69B2ACC36360017F2B0 /* LaunchScreen.storyboard */; };
		98F1D6A52ACC463E0017F2B0 /* UIView+Extension.swift in Sources */ = {isa = PBXBuildFile; fileRef = 98F1D6A42ACC463E0017F2B0 /* UIView+Extension.swift */; };
		98F1D6A72ACC49060017F2B0 /* ShoesVC.swift in Sources */ = {isa = PBXBuildFile; fileRef = 98F1D6A62ACC49060017F2B0 /* ShoesVC.swift */; };
		98F1D6A92ACC508F0017F2B0 /* ShoesCollection.swift in Sources */ = {isa = PBXBuildFile; fileRef = 98F1D6A82ACC508F0017F2B0 /* ShoesCollection.swift */; };
		98F792302AD4182400D01918 /* confetti.gif in Resources */ = {isa = PBXBuildFile; fileRef = 98F7922F2AD4182400D01918 /* confetti.gif */; };
		98FDF93D2ACD6A4E002D15CE /* AddToCart.swift in Sources */ = {isa = PBXBuildFile; fileRef = 98FDF93C2ACD6A4E002D15CE /* AddToCart.swift */; };
		98FDF93F2ACD82DF002D15CE /* CartTVC.swift in Sources */ = {isa = PBXBuildFile; fileRef = 98FDF93E2ACD82DF002D15CE /* CartTVC.swift */; };
/* End PBXBuildFile section */

/* Begin PBXFileReference section */
		982437A22AD0392100EA26AD /* ConfirmPageVC.swift */ = {isa = PBXFileReference; lastKnownFileType = sourcecode.swift; path = ConfirmPageVC.swift; sourceTree = "<group>"; };
		98874B0D2AD564850018000E /* UIColorExtension.swift */ = {isa = PBXFileReference; lastKnownFileType = sourcecode.swift; path = UIColorExtension.swift; sourceTree = "<group>"; };
		988FFA282AD01BC700471607 /* PaymentVC.swift */ = {isa = PBXFileReference; lastKnownFileType = sourcecode.swift; path = PaymentVC.swift; sourceTree = "<group>"; };
		98F1D68D2ACC36340017F2B0 /* SummerShoes.app */ = {isa = PBXFileReference; explicitFileType = wrapper.application; includeInIndex = 0; path = SummerShoes.app; sourceTree = BUILT_PRODUCTS_DIR; };
		98F1D6902ACC36340017F2B0 /* AppDelegate.swift */ = {isa = PBXFileReference; lastKnownFileType = sourcecode.swift; path = AppDelegate.swift; sourceTree = "<group>"; };
		98F1D6922ACC36340017F2B0 /* SceneDelegate.swift */ = {isa = PBXFileReference; lastKnownFileType = sourcecode.swift; path = SceneDelegate.swift; sourceTree = "<group>"; };
		98F1D6942ACC36340017F2B0 /* ViewController.swift */ = {isa = PBXFileReference; lastKnownFileType = sourcecode.swift; path = ViewController.swift; sourceTree = "<group>"; };
		98F1D6972ACC36340017F2B0 /* Base */ = {isa = PBXFileReference; lastKnownFileType = file.storyboard; name = Base; path = Base.lproj/Main.storyboard; sourceTree = "<group>"; };
		98F1D6992ACC36360017F2B0 /* Assets.xcassets */ = {isa = PBXFileReference; lastKnownFileType = folder.assetcatalog; path = Assets.xcassets; sourceTree = "<group>"; };
		98F1D69C2ACC36360017F2B0 /* Base */ = {isa = PBXFileReference; lastKnownFileType = file.storyboard; name = Base; path = Base.lproj/LaunchScreen.storyboard; sourceTree = "<group>"; };
		98F1D69E2ACC36360017F2B0 /* Info.plist */ = {isa = PBXFileReference; lastKnownFileType = text.plist.xml; path = Info.plist; sourceTree = "<group>"; };
		98F1D6A42ACC463E0017F2B0 /* UIView+Extension.swift */ = {isa = PBXFileReference; lastKnownFileType = sourcecode.swift; path = "UIView+Extension.swift"; sourceTree = "<group>"; };
		98F1D6A62ACC49060017F2B0 /* ShoesVC.swift */ = {isa = PBXFileReference; lastKnownFileType = sourcecode.swift; path = ShoesVC.swift; sourceTree = "<group>"; };
		98F1D6A82ACC508F0017F2B0 /* ShoesCollection.swift */ = {isa = PBXFileReference; lastKnownFileType = sourcecode.swift; path = ShoesCollection.swift; sourceTree = "<group>"; };
		98F7922F2AD4182400D01918 /* confetti.gif */ = {isa = PBXFileReference; lastKnownFileType = image.gif; path = confetti.gif; sourceTree = "<group>"; };
		98FDF93C2ACD6A4E002D15CE /* AddToCart.swift */ = {isa = PBXFileReference; lastKnownFileType = sourcecode.swift; path = AddToCart.swift; sourceTree = "<group>"; };
		98FDF93E2ACD82DF002D15CE /* CartTVC.swift */ = {isa = PBXFileReference; lastKnownFileType = sourcecode.swift; path = CartTVC.swift; sourceTree = "<group>"; };
/* End PBXFileReference section */

/* Begin PBXFrameworksBuildPhase section */
		98F1D68A2ACC36340017F2B0 /* Frameworks */ = {
			isa = PBXFrameworksBuildPhase;
			buildActionMask = 2147483647;
			files = (
			);
			runOnlyForDeploymentPostprocessing = 0;
		};
/* End PBXFrameworksBuildPhase section */

/* Begin PBXGroup section */
		98F1D6842ACC36340017F2B0 = {
			isa = PBXGroup;
			children = (
				98F1D68F2ACC36340017F2B0 /* SummerShoes */,
				98F1D68E2ACC36340017F2B0 /* Products */,
			);
			sourceTree = "<group>";
		};
		98F1D68E2ACC36340017F2B0 /* Products */ = {
			isa = PBXGroup;
			children = (
				98F1D68D2ACC36340017F2B0 /* SummerShoes.app */,
			);
			name = Products;
			sourceTree = "<group>";
		};
		98F1D68F2ACC36340017F2B0 /* SummerShoes */ = {
			isa = PBXGroup;
			children = (
				98F1D6902ACC36340017F2B0 /* AppDelegate.swift */,
				98F1D6922ACC36340017F2B0 /* SceneDelegate.swift */,
				98F1D6A42ACC463E0017F2B0 /* UIView+Extension.swift */,
				98874B0D2AD564850018000E /* UIColorExtension.swift */,
				98F1D6942ACC36340017F2B0 /* ViewController.swift */,
				98F1D6A82ACC508F0017F2B0 /* ShoesCollection.swift */,
				98F1D6A62ACC49060017F2B0 /* ShoesVC.swift */,
				98FDF93C2ACD6A4E002D15CE /* AddToCart.swift */,
				98FDF93E2ACD82DF002D15CE /* CartTVC.swift */,
				988FFA282AD01BC700471607 /* PaymentVC.swift */,
				982437A22AD0392100EA26AD /* ConfirmPageVC.swift */,
				98F1D6962ACC36340017F2B0 /* Main.storyboard */,
				98F1D6992ACC36360017F2B0 /* Assets.xcassets */,
				98F1D69B2ACC36360017F2B0 /* LaunchScreen.storyboard */,
				98F1D69E2ACC36360017F2B0 /* Info.plist */,
				98F7922F2AD4182400D01918 /* confetti.gif */,
			);
			path = SummerShoes;
			sourceTree = "<group>";
		};
/* End PBXGroup section */

/* Begin PBXNativeTarget section */
		98F1D68C2ACC36340017F2B0 /* SummerShoes */ = {
			isa = PBXNativeTarget;
			buildConfigurationList = 98F1D6A12ACC36360017F2B0 /* Build configuration list for PBXNativeTarget "SummerShoes" */;
			buildPhases = (
				98F1D6892ACC36340017F2B0 /* Sources */,
				98F1D68A2ACC36340017F2B0 /* Frameworks */,
				98F1D68B2ACC36340017F2B0 /* Resources */,
			);
			buildRules = (
			);
			dependencies = (
			);
			name = SummerShoes;
			productName = SummerShoes;
			productReference = 98F1D68D2ACC36340017F2B0 /* SummerShoes.app */;
			productType = "com.apple.product-type.application";
		};
/* End PBXNativeTarget section */

/* Begin PBXProject section */
		98F1D6852ACC36340017F2B0 /* Project object */ = {
			isa = PBXProject;
			attributes = {
				BuildIndependentTargetsInParallel = 1;
				LastSwiftUpdateCheck = 1430;
				LastUpgradeCheck = 1430;
				TargetAttributes = {
					98F1D68C2ACC36340017F2B0 = {
						CreatedOnToolsVersion = 14.3.1;
					};
				};
			};
			buildConfigurationList = 98F1D6882ACC36340017F2B0 /* Build configuration list for PBXProject "SummerShoes" */;
			compatibilityVersion = "Xcode 14.0";
			developmentRegion = en;
			hasScannedForEncodings = 0;
			knownRegions = (
				en,
				Base,
			);
			mainGroup = 98F1D6842ACC36340017F2B0;
			productRefGroup = 98F1D68E2ACC36340017F2B0 /* Products */;
			projectDirPath = "";
			projectRoot = "";
			targets = (
				98F1D68C2ACC36340017F2B0 /* SummerShoes */,
			);
		};
/* End PBXProject section */

/* Begin PBXResourcesBuildPhase section */
		98F1D68B2ACC36340017F2B0 /* Resources */ = {
			isa = PBXResourcesBuildPhase;
			buildActionMask = 2147483647;
			files = (
				98F792302AD4182400D01918 /* confetti.gif in Resources */,
				98F1D69D2ACC36360017F2B0 /* LaunchScreen.storyboard in Resources */,
				98F1D69A2ACC36360017F2B0 /* Assets.xcassets in Resources */,
				98F1D6982ACC36340017F2B0 /* Main.storyboard in Resources */,
			);
			runOnlyForDeploymentPostprocessing = 0;
		};
/* End PBXResourcesBuildPhase section */

/* Begin PBXSourcesBuildPhase section */
		98F1D6892ACC36340017F2B0 /* Sources */ = {
			isa = PBXSourcesBuildPhase;
			buildActionMask = 2147483647;
			files = (
				98F1D6A92ACC508F0017F2B0 /* ShoesCollection.swift in Sources */,
				98F1D6952ACC36340017F2B0 /* ViewController.swift in Sources */,
				98F1D6A72ACC49060017F2B0 /* ShoesVC.swift in Sources */,
				98F1D6912ACC36340017F2B0 /* AppDelegate.swift in Sources */,
				982437A32AD0392100EA26AD /* ConfirmPageVC.swift in Sources */,
				988FFA292AD01BC700471607 /* PaymentVC.swift in Sources */,
				98FDF93D2ACD6A4E002D15CE /* AddToCart.swift in Sources */,
				98F1D6A52ACC463E0017F2B0 /* UIView+Extension.swift in Sources */,
				98874B0E2AD564850018000E /* UIColorExtension.swift in Sources */,
				98F1D6932ACC36340017F2B0 /* SceneDelegate.swift in Sources */,
				98FDF93F2ACD82DF002D15CE /* CartTVC.swift in Sources */,
			);
			runOnlyForDeploymentPostprocessing = 0;
		};
/* End PBXSourcesBuildPhase section */

/* Begin PBXVariantGroup section */
		98F1D6962ACC36340017F2B0 /* Main.storyboard */ = {
			isa = PBXVariantGroup;
			children = (
				98F1D6972ACC36340017F2B0 /* Base */,
			);
			name = Main.storyboard;
			sourceTree = "<group>";
		};
		98F1D69B2ACC36360017F2B0 /* LaunchScreen.storyboard */ = {
			isa = PBXVariantGroup;
			children = (
				98F1D69C2ACC36360017F2B0 /* Base */,
			);
			name = LaunchScreen.storyboard;
			sourceTree = "<group>";
		};
/* End PBXVariantGroup section */

/* Begin XCBuildConfiguration section */
		98F1D69F2ACC36360017F2B0 /* Debug */ = {
			isa = XCBuildConfiguration;
			buildSettings = {
				ALWAYS_SEARCH_USER_PATHS = NO;
				CLANG_ANALYZER_NONNULL = YES;
				CLANG_ANALYZER_NUMBER_OBJECT_CONVERSION = YES_AGGRESSIVE;
				CLANG_CXX_LANGUAGE_STANDARD = "gnu++20";
				CLANG_ENABLE_MODULES = YES;
				CLANG_ENABLE_OBJC_ARC = YES;
				CLANG_ENABLE_OBJC_WEAK = YES;
				CLANG_WARN_BLOCK_CAPTURE_AUTORELEASING = YES;
				CLANG_WARN_BOOL_CONVERSION = YES;
				CLANG_WARN_COMMA = YES;
				CLANG_WARN_CONSTANT_CONVERSION = YES;
				CLANG_WARN_DEPRECATED_OBJC_IMPLEMENTATIONS = YES;
				CLANG_WARN_DIRECT_OBJC_ISA_USAGE = YES_ERROR;
				CLANG_WARN_DOCUMENTATION_COMMENTS = YES;
				CLANG_WARN_EMPTY_BODY = YES;
				CLANG_WARN_ENUM_CONVERSION = YES;
				CLANG_WARN_INFINITE_RECURSION = YES;
				CLANG_WARN_INT_CONVERSION = YES;
				CLANG_WARN_NON_LITERAL_NULL_CONVERSION = YES;
				CLANG_WARN_OBJC_IMPLICIT_RETAIN_SELF = YES;
				CLANG_WARN_OBJC_LITERAL_CONVERSION = YES;
				CLANG_WARN_OBJC_ROOT_CLASS = YES_ERROR;
				CLANG_WARN_QUOTED_INCLUDE_IN_FRAMEWORK_HEADER = YES;
				CLANG_WARN_RANGE_LOOP_ANALYSIS = YES;
				CLANG_WARN_STRICT_PROTOTYPES = YES;
				CLANG_WARN_SUSPICIOUS_MOVE = YES;
				CLANG_WARN_UNGUARDED_AVAILABILITY = YES_AGGRESSIVE;
				CLANG_WARN_UNREACHABLE_CODE = YES;
				CLANG_WARN__DUPLICATE_METHOD_MATCH = YES;
				COPY_PHASE_STRIP = NO;
				DEBUG_INFORMATION_FORMAT = dwarf;
				ENABLE_STRICT_OBJC_MSGSEND = YES;
				ENABLE_TESTABILITY = YES;
				GCC_C_LANGUAGE_STANDARD = gnu11;
				GCC_DYNAMIC_NO_PIC = NO;
				GCC_NO_COMMON_BLOCKS = YES;
				GCC_OPTIMIZATION_LEVEL = 0;
				GCC_PREPROCESSOR_DEFINITIONS = (
					"DEBUG=1",
					"$(inherited)",
				);
				GCC_WARN_64_TO_32_BIT_CONVERSION = YES;
				GCC_WARN_ABOUT_RETURN_TYPE = YES_ERROR;
				GCC_WARN_UNDECLARED_SELECTOR = YES;
				GCC_WARN_UNINITIALIZED_AUTOS = YES_AGGRESSIVE;
				GCC_WARN_UNUSED_FUNCTION = YES;
				GCC_WARN_UNUSED_VARIABLE = YES;
				IPHONEOS_DEPLOYMENT_TARGET = 16.4;
				MTL_ENABLE_DEBUG_INFO = INCLUDE_SOURCE;
				MTL_FAST_MATH = YES;
				ONLY_ACTIVE_ARCH = YES;
				SDKROOT = iphoneos;
				SWIFT_ACTIVE_COMPILATION_CONDITIONS = DEBUG;
				SWIFT_OPTIMIZATION_LEVEL = "-Onone";
			};
			name = Debug;
		};
		98F1D6A02ACC36360017F2B0 /* Release */ = {
			isa = XCBuildConfiguration;
			buildSettings = {
				ALWAYS_SEARCH_USER_PATHS = NO;
				CLANG_ANALYZER_NONNULL = YES;
				CLANG_ANALYZER_NUMBER_OBJECT_CONVERSION = YES_AGGRESSIVE;
				CLANG_CXX_LANGUAGE_STANDARD = "gnu++20";
				CLANG_ENABLE_MODULES = YES;
				CLANG_ENABLE_OBJC_ARC = YES;
				CLANG_ENABLE_OBJC_WEAK = YES;
				CLANG_WARN_BLOCK_CAPTURE_AUTORELEASING = YES;
				CLANG_WARN_BOOL_CONVERSION = YES;
				CLANG_WARN_COMMA = YES;
				CLANG_WARN_CONSTANT_CONVERSION = YES;
				CLANG_WARN_DEPRECATED_OBJC_IMPLEMENTATIONS = YES;
				CLANG_WARN_DIRECT_OBJC_ISA_USAGE = YES_ERROR;
				CLANG_WARN_DOCUMENTATION_COMMENTS = YES;
				CLANG_WARN_EMPTY_BODY = YES;
				CLANG_WARN_ENUM_CONVERSION = YES;
				CLANG_WARN_INFINITE_RECURSION = YES;
				CLANG_WARN_INT_CONVERSION = YES;
				CLANG_WARN_NON_LITERAL_NULL_CONVERSION = YES;
				CLANG_WARN_OBJC_IMPLICIT_RETAIN_SELF = YES;
				CLANG_WARN_OBJC_LITERAL_CONVERSION = YES;
				CLANG_WARN_OBJC_ROOT_CLASS = YES_ERROR;
				CLANG_WARN_QUOTED_INCLUDE_IN_FRAMEWORK_HEADER = YES;
				CLANG_WARN_RANGE_LOOP_ANALYSIS = YES;
				CLANG_WARN_STRICT_PROTOTYPES = YES;
				CLANG_WARN_SUSPICIOUS_MOVE = YES;
				CLANG_WARN_UNGUARDED_AVAILABILITY = YES_AGGRESSIVE;
				CLANG_WARN_UNREACHABLE_CODE = YES;
				CLANG_WARN__DUPLICATE_METHOD_MATCH = YES;
				COPY_PHASE_STRIP = NO;
				DEBUG_INFORMATION_FORMAT = "dwarf-with-dsym";
				ENABLE_NS_ASSERTIONS = NO;
				ENABLE_STRICT_OBJC_MSGSEND = YES;
				GCC_C_LANGUAGE_STANDARD = gnu11;
				GCC_NO_COMMON_BLOCKS = YES;
				GCC_WARN_64_TO_32_BIT_CONVERSION = YES;
				GCC_WARN_ABOUT_RETURN_TYPE = YES_ERROR;
				GCC_WARN_UNDECLARED_SELECTOR = YES;
				GCC_WARN_UNINITIALIZED_AUTOS = YES_AGGRESSIVE;
				GCC_WARN_UNUSED_FUNCTION = YES;
				GCC_WARN_UNUSED_VARIABLE = YES;
				IPHONEOS_DEPLOYMENT_TARGET = 16.4;
				MTL_ENABLE_DEBUG_INFO = NO;
				MTL_FAST_MATH = YES;
				SDKROOT = iphoneos;
				SWIFT_COMPILATION_MODE = wholemodule;
				SWIFT_OPTIMIZATION_LEVEL = "-O";
				VALIDATE_PRODUCT = YES;
			};
			name = Release;
		};
		98F1D6A22ACC36360017F2B0 /* Debug */ = {
			isa = XCBuildConfiguration;
			buildSettings = {
				ASSETCATALOG_COMPILER_APPICON_NAME = AppIcon;
				ASSETCATALOG_COMPILER_GLOBAL_ACCENT_COLOR_NAME = AccentColor;
				CODE_SIGN_STYLE = Automatic;
				CURRENT_PROJECT_VERSION = 1;
				DEVELOPMENT_TEAM = V9XTX57GV4;
				GENERATE_INFOPLIST_FILE = YES;
				INFOPLIST_FILE = SummerShoes/Info.plist;
				INFOPLIST_KEY_UIApplicationSupportsIndirectInputEvents = YES;
				INFOPLIST_KEY_UILaunchStoryboardName = LaunchScreen;
				INFOPLIST_KEY_UIMainStoryboardFile = Main;
				INFOPLIST_KEY_UISupportedInterfaceOrientations_iPad = "UIInterfaceOrientationPortrait UIInterfaceOrientationPortraitUpsideDown UIInterfaceOrientationLandscapeLeft UIInterfaceOrientationLandscapeRight";
				INFOPLIST_KEY_UISupportedInterfaceOrientations_iPhone = "UIInterfaceOrientationPortrait UIInterfaceOrientationLandscapeLeft UIInterfaceOrientationLandscapeRight";
				LD_RUNPATH_SEARCH_PATHS = (
					"$(inherited)",
					"@executable_path/Frameworks",
				);
				MARKETING_VERSION = 1.0;
				PRODUCT_BUNDLE_IDENTIFIER = com.vikram.SummerShoes;
				PRODUCT_NAME = "$(TARGET_NAME)";
				SWIFT_EMIT_LOC_STRINGS = YES;
				SWIFT_VERSION = 5.0;
				TARGETED_DEVICE_FAMILY = "1,2";
			};
			name = Debug;
		};
		98F1D6A32ACC36360017F2B0 /* Release */ = {
			isa = XCBuildConfiguration;
			buildSettings = {
				ASSETCATALOG_COMPILER_APPICON_NAME = AppIcon;
				ASSETCATALOG_COMPILER_GLOBAL_ACCENT_COLOR_NAME = AccentColor;
				CODE_SIGN_STYLE = Automatic;
				CURRENT_PROJECT_VERSION = 1;
				DEVELOPMENT_TEAM = V9XTX57GV4;
				GENERATE_INFOPLIST_FILE = YES;
				INFOPLIST_FILE = SummerShoes/Info.plist;
				INFOPLIST_KEY_UIApplicationSupportsIndirectInputEvents = YES;
				INFOPLIST_KEY_UILaunchStoryboardName = LaunchScreen;
				INFOPLIST_KEY_UIMainStoryboardFile = Main;
				INFOPLIST_KEY_UISupportedInterfaceOrientations_iPad = "UIInterfaceOrientationPortrait UIInterfaceOrientationPortraitUpsideDown UIInterfaceOrientationLandscapeLeft UIInterfaceOrientationLandscapeRight";
				INFOPLIST_KEY_UISupportedInterfaceOrientations_iPhone = "UIInterfaceOrientationPortrait UIInterfaceOrientationLandscapeLeft UIInterfaceOrientationLandscapeRight";
				LD_RUNPATH_SEARCH_PATHS = (
					"$(inherited)",
					"@executable_path/Frameworks",
				);
				MARKETING_VERSION = 1.0;
				PRODUCT_BUNDLE_IDENTIFIER = com.vikram.SummerShoes;
				PRODUCT_NAME = "$(TARGET_NAME)";
				SWIFT_EMIT_LOC_STRINGS = YES;
				SWIFT_VERSION = 5.0;
				TARGETED_DEVICE_FAMILY = "1,2";
			};
			name = Release;
		};
/* End XCBuildConfiguration section */

/* Begin XCConfigurationList section */
		98F1D6882ACC36340017F2B0 /* Build configuration list for PBXProject "SummerShoes" */ = {
			isa = XCConfigurationList;
			buildConfigurations = (
				98F1D69F2ACC36360017F2B0 /* Debug */,
				98F1D6A02ACC36360017F2B0 /* Release */,
			);
			defaultConfigurationIsVisible = 0;
			defaultConfigurationName = Release;
		};
		98F1D6A12ACC36360017F2B0 /* Build configuration list for PBXNativeTarget "SummerShoes" */ = {
			isa = XCConfigurationList;
			buildConfigurations = (
				98F1D6A22ACC36360017F2B0 /* Debug */,
				98F1D6A32ACC36360017F2B0 /* Release */,
			);
			defaultConfigurationIsVisible = 0;
			defaultConfigurationName = Release;
		};
/* End XCConfigurationList section */
	};
	rootObject = 98F1D6852ACC36340017F2B0 /* Project object */;
}
